<?xml version="1.0" encoding="utf-8"?>
<Project ToolsVersion="4.0" xmlns="http://schemas.microsoft.com/developer/msbuild/2003">
  <ItemGroup>
    <Filter Include="Source Files">
      <UniqueIdentifier>{e9179731-8067-447f-b55e-1f05b6cc71ef}</UniqueIdentifier>
      <Extensions>cpp;c;cxx;rc;def;r;odl;idl;hpj;bat</Extensions>
    </Filter>
    <Filter Include="Header Files">
      <UniqueIdentifier>{4ed1bca2-ab5a-4f96-a7d9-c91626ade8e1}</UniqueIdentifier>
      <Extensions>h;hpp;hxx;hm;inl</Extensions>
    </Filter>
    <Filter Include="Resource Files">
      <UniqueIdentifier>{a28042b8-da65-45b9-967e-ea2600474d90}</UniqueIdentifier>
      <Extensions>ico;cur;bmp;dlg;rc2;rct;bin;rgs;gif;jpg;jpeg;jpe</Extensions>
    </Filter>
  </ItemGroup>
  <ItemGroup>
    <ClCompile Include="..\DBGTrace.cpp">
      <Filter>Source Files</Filter>
    </ClCompile>
    <ClCompile Include="..\DynWTSAPI.cpp">
      <Filter>Source Files</Filter>
    </ClCompile>
    <ClCompile Include="..\Helpers.cpp">
      <Filter>Source Files</Filter>
    </ClCompile>
    <ClCompile Include="IATHook.cpp">
      <Filter>Source Files</Filter>
    </ClCompile>
    <ClCompile Include="..\IsAdmin.cpp">
      <Filter>Source Files</Filter>
    </ClCompile>
    <ClCompile Include="..\LogonDlg.cpp">
      <Filter>Source Files</Filter>
    </ClCompile>
    <ClCompile Include="..\lsa_laar.cpp">
      <Filter>Source Files</Filter>
    </ClCompile>
    <ClCompile Include="..\LSALogon.cpp">
      <Filter>Source Files</Filter>
    </ClCompile>
    <ClCompile Include="..\Setup.cpp">
      <Filter>Source Files</Filter>
    </ClCompile>
    <ClCompile Include="..\sspi_auth.cpp">
      <Filter>Source Files</Filter>
    </ClCompile>
    <ClCompile Include="SuRunext.cpp">
      <Filter>Source Files</Filter>
    </ClCompile>
    <ClCompile Include="SysMenuHook.cpp">
      <Filter>Source Files</Filter>
    </ClCompile>
    <ClCompile Include="..\UserGroups.cpp">
      <Filter>Source Files</Filter>
    </ClCompile>
    <ClCompile Include="..\WinStaDesk.cpp">
      <Filter>Source Files</Filter>
    </ClCompile>
  </ItemGroup>
  <ItemGroup>
    <None Include="SuRunExtVer.rc2">
      <Filter>Resource Files</Filter>
    </None>
  </ItemGroup>
  <ItemGroup>
    <ResourceCompile Include="SuRunext.rc">
      <Filter>Source Files</Filter>
    </ResourceCompile>
  </ItemGroup>
  <ItemGroup>
    <ClInclude Include="..\DynWTSAPI.h">
      <Filter>Header Files</Filter>
    </ClInclude>
    <ClInclude Include="..\Helpers.h">
      <Filter>Header Files</Filter>
    </ClInclude>
    <ClInclude Include="IATHook.h">
      <Filter>Header Files</Filter>
    </ClInclude>
    <ClInclude Include="resource.h">
      <Filter>Header Files</Filter>
    </ClInclude>
    <ClInclude Include="SuRunext.h">
      <Filter>Header Files</Filter>
    </ClInclude>
    <ClInclude Include="SysMenuHook.h">
      <Filter>Header Files</Filter>
    </ClInclude>
  </ItemGroup>
  <ItemGroup>
    <Manifest Include="..\resources\app.manifest">
      <Filter>Resource Files</Filter>
    </Manifest>
  </ItemGroup>
  <ItemGroup>
    <Image Include="..\resources\icon1.ico">
      <Filter>Resource Files</Filter>
    </Image>
    <Image Include="..\resources\Shield.ico">
      <Filter>Resource Files</Filter>
    </Image>
    <Image Include="..\resources\SuRun.ico">
      <Filter>Resource Files</Filter>
    </Image>
  </ItemGroup>
  <ItemGroup>
    <CustomBuild Include="SuRunExt.Def">
      <Filter>Source Files</Filter>
    </CustomBuild>
    <CustomBuild Include="SuRunExt32.Def">
      <Filter>Source Files</Filter>
    </CustomBuild>
  </ItemGroup>
</Project>